# This file is automatically @generated by Poetry 1.4.2 and should not be changed by hand.

[[package]]
name = "typed-intervaltree"
version = "0.0.1.dev0"
description = "Fully typed interval tree implementation"
category = "main"
optional = false
python-versions = "^3.9"
files = []
develop = true

[package.source]
type = "directory"
url = "../typed-intervaltree"

[metadata]
lock-version = "2.0"
python-versions = "^3.9"
content-hash = "329013d9dcf358f15e8dee838fd4c79923f02274186e8c9a39726aed2202b415"
