# This file is automatically @generated by Poetry 1.4.2 and should not be changed by hand.

[[package]]
name = "sus-parser"
version = "0.0.1.dev0"
description = "Parser for Sliding Universal Score (SUS) format"
category = "main"
optional = false
python-versions = "^3.9"
files = []
develop = true

[package.source]
type = "directory"
url = "../../libs/sus-parser"

[[package]]
name = "typed-intervaltree"
version = "0.0.1.dev0"
description = "Fully typed interval tree implementation"
category = "main"
optional = false
python-versions = "^3.9"
files = []
develop = true

[package.source]
type = "directory"
url = "../../libs/typed-intervaltree"

[metadata]
lock-version = "2.0"
python-versions = "^3.10"
content-hash = "b6a6cdb5b309b155911b3cbc61a32c04ca8a49027efbce1d78bac8ae1a62926c"
